
Microsoft Visual Studio Solution File, Format Version 12.00
# Visual Studio Version 16
VisualStudioVersion = 16.0.30104.148
MinimumVisualStudioVersion = 10.0.40219.1
Project("{8BC9CEB8-8B4A-11D0-8D11-00A0C91BC942}") = "ServMaloi", "ServMaloi\ServMaloi.vcxproj", "{404AD987-66F7-4214-9444-BF67F1B3E71F}"
EndProject
Global
	GlobalSection(SolutionConfigurationPlatforms) = preSolution
		Debug|x64 = Debug|x64
		Debug|x86 = Debug|x86
		Release|x64 = Release|x64
		Release|x86 = Release|x86
	EndGlobalSection
	GlobalSection(ProjectConfigurationPlatforms) = postSolution
		{404AD987-66F7-4214-9444-BF67F1B3E71F}.Debug|x64.ActiveCfg = Debug|x64
		{404AD987-66F7-4214-9444-BF67F1B3E71F}.Debug|x64.Build.0 = Debug|x64
		{404AD987-66F7-4214-9444-BF67F1B3E71F}.Debug|x86.ActiveCfg = Debug|Win32
		{404AD987-66F7-4214-9444-BF67F1B3E71F}.Debug|x86.Build.0 = Debug|Win32
		{404AD987-66F7-4214-9444-BF67F1B3E71F}.Release|x64.ActiveCfg = Release|x64
		{404AD987-66F7-4214-9444-BF67F1B3E71F}.Release|x64.Build.0 = Release|x64
		{404AD987-66F7-4214-9444-BF67F1B3E71F}.Release|x86.ActiveCfg = Release|Win32
		{404AD987-66F7-4214-9444-BF67F1B3E71F}.Release|x86.Build.0 = Release|Win32
	EndGlobalSection
	GlobalSection(SolutionProperties) = preSolution
		HideSolutionNode = FALSE
	EndGlobalSection
	GlobalSection(ExtensibilityGlobals) = postSolution
		SolutionGuid = {AF064E43-2A39-44B5-A1F6-CEA12519C833}
	EndGlobalSection
EndGlobal
